
Microsoft Visual Studio Solution File, Format Version 12.00
# Visual Studio 15
VisualStudioVersion = 15.0.28010.2016
MinimumVisualStudioVersion = 10.0.40219.1
Project("{FAE04EC0-301F-11D3-BF4B-00C04F79EFBC}") = "AdventOfCode", "AdventOfCode\AdventOfCode.csproj", "{41E63F65-BC72-433F-A8E4-125EF7FE66AB}"
EndProject
Project("{FAE04EC0-301F-11D3-BF4B-00C04F79EFBC}") = "Tests", "Tests\Tests.csproj", "{130D7547-B0C7-4247-87FC-25C0B7FEA1CA}"
EndProject
Project("{FAE04EC0-301F-11D3-BF4B-00C04F79EFBC}") = "WinForms", "WinForms\WinForms.csproj", "{96DD429E-9682-455D-882F-294BB42B05DB}"
EndProject
Global
	GlobalSection(SolutionConfigurationPlatforms) = preSolution
		Debug|Any CPU = Debug|Any CPU
		Release|Any CPU = Release|Any CPU
	EndGlobalSection
	GlobalSection(ProjectConfigurationPlatforms) = postSolution
		{41E63F65-BC72-433F-A8E4-125EF7FE66AB}.Debug|Any CPU.ActiveCfg = Debug|Any CPU
		{41E63F65-BC72-433F-A8E4-125EF7FE66AB}.Debug|Any CPU.Build.0 = Debug|Any CPU
		{41E63F65-BC72-433F-A8E4-125EF7FE66AB}.Release|Any CPU.ActiveCfg = Release|Any CPU
		{41E63F65-BC72-433F-A8E4-125EF7FE66AB}.Release|Any CPU.Build.0 = Release|Any CPU
		{130D7547-B0C7-4247-87FC-25C0B7FEA1CA}.Debug|Any CPU.ActiveCfg = Debug|Any CPU
		{130D7547-B0C7-4247-87FC-25C0B7FEA1CA}.Debug|Any CPU.Build.0 = Debug|Any CPU
		{130D7547-B0C7-4247-87FC-25C0B7FEA1CA}.Release|Any CPU.ActiveCfg = Release|Any CPU
		{130D7547-B0C7-4247-87FC-25C0B7FEA1CA}.Release|Any CPU.Build.0 = Release|Any CPU
		{96DD429E-9682-455D-882F-294BB42B05DB}.Debug|Any CPU.ActiveCfg = Debug|Any CPU
		{96DD429E-9682-455D-882F-294BB42B05DB}.Debug|Any CPU.Build.0 = Debug|Any CPU
		{96DD429E-9682-455D-882F-294BB42B05DB}.Release|Any CPU.ActiveCfg = Release|Any CPU
		{96DD429E-9682-455D-882F-294BB42B05DB}.Release|Any CPU.Build.0 = Release|Any CPU
	EndGlobalSection
	GlobalSection(SolutionProperties) = preSolution
		HideSolutionNode = FALSE
	EndGlobalSection
	GlobalSection(ExtensibilityGlobals) = postSolution
		SolutionGuid = {DDB38D5D-3542-4A4B-8607-51D64754F529}
	EndGlobalSection
EndGlobal
