
Microsoft Visual Studio Solution File, Format Version 12.00
# Visual Studio Version 17
VisualStudioVersion = 17.0.32002.185
MinimumVisualStudioVersion = 10.0.40219.1
Project("{9A19103F-16F7-4668-BE54-9A1E7A4F7556}") = "AoC", "AoC\AoC.csproj", "{FA98D0FF-27EA-4CA4-BEEF-8978FE053B7C}"
EndProject
Project("{9A19103F-16F7-4668-BE54-9A1E7A4F7556}") = "AoC.Forms", "AoC.Forms\AoC.Forms.csproj", "{7955EEBA-771A-459B-B71B-4986EEC27F36}"
EndProject
Global
	GlobalSection(SolutionConfigurationPlatforms) = preSolution
		Debug|Any CPU = Debug|Any CPU
		Release|Any CPU = Release|Any CPU
	EndGlobalSection
	GlobalSection(ProjectConfigurationPlatforms) = postSolution
		{FA98D0FF-27EA-4CA4-BEEF-8978FE053B7C}.Debug|Any CPU.ActiveCfg = Debug|Any CPU
		{FA98D0FF-27EA-4CA4-BEEF-8978FE053B7C}.Debug|Any CPU.Build.0 = Debug|Any CPU
		{FA98D0FF-27EA-4CA4-BEEF-8978FE053B7C}.Release|Any CPU.ActiveCfg = Release|Any CPU
		{FA98D0FF-27EA-4CA4-BEEF-8978FE053B7C}.Release|Any CPU.Build.0 = Release|Any CPU
		{7955EEBA-771A-459B-B71B-4986EEC27F36}.Debug|Any CPU.ActiveCfg = Debug|Any CPU
		{7955EEBA-771A-459B-B71B-4986EEC27F36}.Debug|Any CPU.Build.0 = Debug|Any CPU
		{7955EEBA-771A-459B-B71B-4986EEC27F36}.Release|Any CPU.ActiveCfg = Release|Any CPU
		{7955EEBA-771A-459B-B71B-4986EEC27F36}.Release|Any CPU.Build.0 = Release|Any CPU
	EndGlobalSection
	GlobalSection(SolutionProperties) = preSolution
		HideSolutionNode = FALSE
	EndGlobalSection
	GlobalSection(ExtensibilityGlobals) = postSolution
		SolutionGuid = {DDB38D5D-3542-4A4B-8607-51D64754F529}
	EndGlobalSection
EndGlobal
